{
    "_meta": {
        "hash": {
            "sha256": "24843097463748668f8db9dc8e69cec2a908effc048a62abeb6596df94e0c8c9"
        },
        "pipfile-spec": 6,
        "requires": {
            "python_version": "3.7"
        },
        "sources": [
            {
                "name": "pypi",
                "url": "https://pypi.org/simple",
                "verify_ssl": true
            }
        ]
    },
    "default": {
        "beautifulsoup4": {
            "hashes": [
                "sha256:9a315ce70049920ea4572a4055bc4bd700c940521d36fc858205ad4fcde149bf",
                "sha256:c23ad23c521d818955a4151a67d81580319d4bf548d3d49f4223ae041ff98891"
            ],
            "index": "pypi",
            "version": "==4.10.0"
        },
        "certifi": {
            "hashes": [
                "sha256:78884e7c1d4b00ce3cea67b44566851c4343c120abd683433ce934a68ea58872",
                "sha256:d62a0163eb4c2344ac042ab2bdf75399a71a2d8c7d47eac2e2ee91b9d6339569"
            ],
            "version": "==2021.10.8"
        },
        "charset-normalizer": {
            "hashes": [
                "sha256:e019de665e2bcf9c2b64e2e5aa025fa991da8720daa3c1138cadd2fd1856aed0",
                "sha256:f7af805c321bfa1ce6714c51f254e0d5bb5e5834039bc17db7ebe3a4cec9492b"
            ],
            "markers": "python_version >= '3'",
            "version": "==2.0.7"
        },
        "idna": {
            "hashes": [
                "sha256:84d9dd047ffa80596e0f246e2eab0b391788b0503584e8945f2368256d2735ff",
                "sha256:9d643ff0a55b762d5cdb124b8eaa99c66322e2157b69160bc32796e824360e6d"
            ],
            "markers": "python_version >= '3'",
            "version": "==3.3"
        },
        "mwparserfromhell": {
            "hashes": [
                "sha256:03ab27157dca1f4605b2bfd23f5ace998e16f8c8ac3514b247b07b0f8debff03",
                "sha256:0461a5d2b6e31ac896383fe8c4ca4fe4d73deb8e0f3bdb3f69200eec80706f8d",
                "sha256:0f145435a0b34d25958bb9bc86dfb228572ce3df93216d23289501caa253340f",
                "sha256:1ad779f1bc0808d280ec1026c9de74f424de535568e21debd12830b5b0fa097e",
                "sha256:1e013514db0a0e66d5c237e9baf937aaffb2865cd2d9c2230ded2794200e6dc9",
                "sha256:204b93865bac3d6bd18affa8fb014dd73b8297224f68888083076b5ad08c3ff4",
                "sha256:25b3aef7260aab5c0f638fe96a1ba50c95afe883bf95388a606cc32303522b5b",
                "sha256:264b5006cbd5b3fd9c0fbcec1aa804f0f6dc0e12937224a647fe555b20b85807",
                "sha256:2a560364b96e2ac2d845968185ea3375708e71cfc4e365d5d4d774f2678fea1a",
                "sha256:4691f221f04f9b0fa57d122ece872aa17f156e75ff64d0b383dd32922e0be7ee",
                "sha256:57d1fd8b590549fcf9c4a4c8734aa4883ebce706d3063a1d179e85fa32999632",
                "sha256:6df23bff38e29dcbe2d08dce57df5b679f4a6d0cdbd5bdbb55f8c62fe9723e2f",
                "sha256:842c37e4b9abf76115ea4a590087d08460f6787cdc4d814236fc4b53e1307950",
                "sha256:938752f174bf642793d08c4cfde3f3914685292cf7cd5257ce66cf99c5c16e47",
                "sha256:94c1f05f80db117354044d4f43703232382f57e2fc6c567a08f42abede724322",
                "sha256:961321b9256a062bdc1013603fd795ca91cd728470b01760ff1b4579bfd82c66",
                "sha256:984bdee768bfcf371f1eca03a19b0a93004002a3f1537516974721304852c318",
                "sha256:a3743117b295a277d82f5018e0ca6ee3620eda40e4ee4d293eaf335aa2f27bfd",
                "sha256:cb0a581cc675d54f8ccb0e0b48ef6d8f37f6f5e56351fc855166ec9b36d70c26",
                "sha256:e10f36956ebacffa38d4ddd60ec5872d2e1a1883f91134435412424b1789f81c",
                "sha256:eb2dbedffa2fc4111e9b6c276fe7254e7bd678444d5193658adc286392b39e4d",
                "sha256:f3ffca4a6e830b1a548a247aea16d5077488f2bc6a17fad9f19be3715e4fbccf",
                "sha256:fedb5afed509477847ea26a45a02e242779c22d2de2df3b00fc3ad07e2f884ca"
            ],
            "index": "pypi",
            "version": "==0.6.3"
        },
        "requests": {
            "hashes": [
                "sha256:6c1246513ecd5ecd4528a0906f910e8f0f9c6b8ec72030dc9fd154dc1a6efd24",
                "sha256:b8aa58f8cf793ffd8782d3d8cb19e66ef36f7aba4353eec859e74678b01b07a7"
            ],
            "index": "pypi",
            "version": "==2.26.0"
        },
        "soupsieve": {
            "hashes": [
                "sha256:052774848f448cf19c7e959adf5566904d525f33a3f8b6ba6f6f8f26ec7de0cc",
                "sha256:c2c1c2d44f158cdbddab7824a9af8c4f83c76b1e23e049479aa432feb6c4c23b"
            ],
            "markers": "python_version >= '3.6'",
            "version": "==2.2.1"
        },
        "urllib3": {
            "hashes": [
                "sha256:4987c65554f7a2dbf30c18fd48778ef124af6fab771a377103da0585e2336ece",
                "sha256:c4fdf4019605b6e5423637e01bc9fe4daef873709a7973e195ceba0a62bbc844"
            ],
            "markers": "python_version >= '2.7' and python_version not in '3.0, 3.1, 3.2, 3.3, 3.4' and python_version < '4'",
            "version": "==1.26.7"
        }
    },
    "develop": {}
}
